
Microsoft Visual Studio Solution File, Format Version 12.00
# Visual Studio Version 17
VisualStudioVersion = 17.14.36603.0 d17.14
MinimumVisualStudioVersion = 10.0.40219.1
Project("{FAE04EC0-301F-11D3-BF4B-00C04F79EFBC}") = "Web_Proje", "Web_Proje\Web_Proje.csproj", "{F38B2A55-8621-46EC-8E53-DC3FAB37A930}"
EndProject
Global
	GlobalSection(SolutionConfigurationPlatforms) = preSolution
		Debug|Any CPU = Debug|Any CPU
		Release|Any CPU = Release|Any CPU
	EndGlobalSection
	GlobalSection(ProjectConfigurationPlatforms) = postSolution
		{F38B2A55-8621-46EC-8E53-DC3FAB37A930}.Debug|Any CPU.ActiveCfg = Debug|Any CPU
		{F38B2A55-8621-46EC-8E53-DC3FAB37A930}.Debug|Any CPU.Build.0 = Debug|Any CPU
		{F38B2A55-8621-46EC-8E53-DC3FAB37A930}.Release|Any CPU.ActiveCfg = Release|Any CPU
		{F38B2A55-8621-46EC-8E53-DC3FAB37A930}.Release|Any CPU.Build.0 = Release|Any CPU
	EndGlobalSection
	GlobalSection(SolutionProperties) = preSolution
		HideSolutionNode = FALSE
	EndGlobalSection
	GlobalSection(ExtensibilityGlobals) = postSolution
		SolutionGuid = {62080B16-5008-4F4D-9C9E-6CEB6677A164}
	EndGlobalSection
EndGlobal
